{
  "name": "clover-stl",
  "version": "0.0.2",
  "lockfileVersion": 1,
  "requires": true,
  "dependencies": {
    "@jscad/amf-deserializer": {
      "version": "0.0.4",
      "resolved": "https://registry.npmjs.org/@jscad/amf-deserializer/-/amf-deserializer-0.0.4.tgz",
      "integrity": "sha1-BB3uKQrNpBEPs7m/hxoepUIDTCs=",
      "requires": {
        "sax": "1.2.4"
      }
    },
    "@jscad/amf-serializer": {
      "version": "0.0.5",
      "resolved": "https://registry.npmjs.org/@jscad/amf-serializer/-/amf-serializer-0.0.5.tgz",
      "integrity": "sha1-3A+Hx7LG15/F9rZnfwxoag0/Bg4=",
      "requires": {
        "@jscad/io-utils": "0.1.2",
        "sax": "1.2.4",
        "xmldom": "0.1.27"
      }
    },
    "@jscad/csg": {
      "version": "0.3.6",
      "resolved": "https://registry.npmjs.org/@jscad/csg/-/csg-0.3.6.tgz",
      "integrity": "sha512-GoUXhTwO0L+Cxba8VfFFLGm+ECd0xZKoIAPpeUYsDiCVsIZ6XK+3GLgBgn5waeumQNh+H6WsHjMMRKXBrDBreA=="
    },
    "@jscad/dxf-serializer": {
      "version": "0.0.4",
      "resolved": "https://registry.npmjs.org/@jscad/dxf-serializer/-/dxf-serializer-0.0.4.tgz",
      "integrity": "sha1-P7O3a2HmqYfiUIJ8SWNPAHNvasg="
    },
    "@jscad/gcode-deserializer": {
      "version": "0.0.4",
      "resolved": "https://registry.npmjs.org/@jscad/gcode-deserializer/-/gcode-deserializer-0.0.4.tgz",
      "integrity": "sha1-pdk+zvhGvzCllvUCHXs26mKhOic="
    },
    "@jscad/io": {
      "version": "0.3.7",
      "resolved": "https://registry.npmjs.org/@jscad/io/-/io-0.3.7.tgz",
      "integrity": "sha1-CNWCv/0juTdopkvYo3Qv3De86u4=",
      "requires": {
        "@jscad/amf-deserializer": "0.0.4",
        "@jscad/amf-serializer": "0.0.5",
        "@jscad/dxf-serializer": "0.0.4",
        "@jscad/gcode-deserializer": "0.0.4",
        "@jscad/io-utils": "0.1.2",
        "@jscad/json-deserializer": "0.0.4",
        "@jscad/json-serializer": "0.0.5",
        "@jscad/obj-deserializer": "0.0.4",
        "@jscad/stl-deserializer": "0.1.2",
        "@jscad/stl-serializer": "0.0.6",
        "@jscad/svg-deserializer": "0.2.3",
        "@jscad/svg-serializer": "0.0.4",
        "@jscad/x3d-serializer": "0.0.6"
      }
    },
    "@jscad/io-utils": {
      "version": "0.1.2",
      "resolved": "https://registry.npmjs.org/@jscad/io-utils/-/io-utils-0.1.2.tgz",
      "integrity": "sha1-guwUJYMhalu5zcJj6RsOJbH+WRc="
    },
    "@jscad/json-deserializer": {
      "version": "0.0.4",
      "resolved": "https://registry.npmjs.org/@jscad/json-deserializer/-/json-deserializer-0.0.4.tgz",
      "integrity": "sha1-ffpQCUUoh5LgTlcaDCTxXFXuurA=",
      "requires": {
        "@jscad/csg": "0.3.6"
      }
    },
    "@jscad/json-serializer": {
      "version": "0.0.5",
      "resolved": "https://registry.npmjs.org/@jscad/json-serializer/-/json-serializer-0.0.5.tgz",
      "integrity": "sha1-DEAQz7ZyntspQnJycvlB0TAZR7g=",
      "requires": {
        "@jscad/csg": "0.3.6",
        "@jscad/io-utils": "0.1.2"
      }
    },
    "@jscad/obj-deserializer": {
      "version": "0.0.4",
      "resolved": "https://registry.npmjs.org/@jscad/obj-deserializer/-/obj-deserializer-0.0.4.tgz",
      "integrity": "sha1-3LPPXMRyeKfPejW3azLq0NBE38M="
    },
    "@jscad/openjscad": {
      "version": "1.6.1",
      "resolved": "https://registry.npmjs.org/@jscad/openjscad/-/openjscad-1.6.1.tgz",
      "integrity": "sha512-D8W/ErfXhERXXbx9jGD75IupYEw85XyEF2lgrpekJaqKzETJRYAiQeggPEYk1U4zd8i6swoCNTkqgGI3NYdnQg==",
      "requires": {
        "@jscad/csg": "0.3.6",
        "@jscad/io": "0.3.7",
        "@jscad/openscad-openjscad-translator": "0.0.10",
        "@jscad/scad-api": "0.5.1",
        "astring": "1.2.0",
        "brace": "0.10.0",
        "esprima": "3.1.3",
        "estraverse": "4.2.0",
        "most-gestures": "0.3.0",
        "webworkify": "1.5.0"
      }
    },
    "@jscad/openscad-openjscad-translator": {
      "version": "0.0.10",
      "resolved": "https://registry.npmjs.org/@jscad/openscad-openjscad-translator/-/openscad-openjscad-translator-0.0.10.tgz",
      "integrity": "sha1-b1o9wlL9ILr1I6sRwfwqPdqlfns=",
      "requires": {
        "lodash": "4.17.5",
        "sylvester": "github:kaosat-dev/node-sylvester#976a4e5e3231dfe444948ff882f18a51c117d9d7"
      }
    },
    "@jscad/scad-api": {
      "version": "0.5.1",
      "resolved": "https://registry.npmjs.org/@jscad/scad-api/-/scad-api-0.5.1.tgz",
      "integrity": "sha512-1BlfqcAf0xIicbaKU1bCOxHh0+aHJ7fBRY6r+7/e+0uMrfoqHoULGqkAZCwnftt0cPj5uAP8JSlyOinHKaFIJw==",
      "requires": {
        "@jscad/csg": "0.3.7"
      },
      "dependencies": {
        "@jscad/csg": {
          "version": "0.3.7",
          "resolved": "https://registry.npmjs.org/@jscad/csg/-/csg-0.3.7.tgz",
          "integrity": "sha512-CuqKgXEZDH1FzbwQTdMWQ0FiEGi+LrP32tP6nW6rdWEEBjL6w19F3OrShD7SP8mK9IcqiuhgN9JcbWaiBswWlQ=="
        }
      }
    },
    "@jscad/stl-deserializer": {
      "version": "0.1.2",
      "resolved": "https://registry.npmjs.org/@jscad/stl-deserializer/-/stl-deserializer-0.1.2.tgz",
      "integrity": "sha1-P05QMMjBgf6Xwniz5pdOojemM4M=",
      "requires": {
        "@jscad/csg": "0.3.6",
        "@jscad/io-utils": "0.1.2"
      }
    },
    "@jscad/stl-serializer": {
      "version": "0.0.6",
      "resolved": "https://registry.npmjs.org/@jscad/stl-serializer/-/stl-serializer-0.0.6.tgz",
      "integrity": "sha1-OIDuOw2YzeYhpVg92GDcN6kAZtQ=",
      "requires": {
        "@jscad/io-utils": "0.1.2"
      }
    },
    "@jscad/svg-deserializer": {
      "version": "0.2.3",
      "resolved": "https://registry.npmjs.org/@jscad/svg-deserializer/-/svg-deserializer-0.2.3.tgz",
      "integrity": "sha1-HbFVKSax7J7yXLjYE0ryZfYOTSI=",
      "requires": {
        "@jscad/csg": "0.3.6",
        "sax": "1.2.4"
      }
    },
    "@jscad/svg-serializer": {
      "version": "0.0.4",
      "resolved": "https://registry.npmjs.org/@jscad/svg-serializer/-/svg-serializer-0.0.4.tgz",
      "integrity": "sha1-uqYjfTPtbg96AS8rtgYTopXiUdE=",
      "requires": {
        "@jscad/csg": "0.3.6"
      }
    },
    "@jscad/x3d-serializer": {
      "version": "0.0.6",
      "resolved": "https://registry.npmjs.org/@jscad/x3d-serializer/-/x3d-serializer-0.0.6.tgz",
      "integrity": "sha1-pBl1qeN0B2E2JkjklutkKTuD99c=",
      "requires": {
        "@jscad/io-utils": "0.1.2",
        "xmldom": "0.1.27"
      }
    },
    "@most/multicast": {
      "version": "1.3.0",
      "resolved": "https://registry.npmjs.org/@most/multicast/-/multicast-1.3.0.tgz",
      "integrity": "sha512-DWH8AShgp5bXn+auGzf5tzPxvpmEvQJd0CNsApOci1LDF4eAEcnw4HQOr2Jaa+L92NbDYFKBSXxll+i7r1ikvw==",
      "requires": {
        "@most/prelude": "1.7.0"
      }
    },
    "@most/prelude": {
      "version": "1.7.0",
      "resolved": "https://registry.npmjs.org/@most/prelude/-/prelude-1.7.0.tgz",
      "integrity": "sha512-OlDCH0+u2/ro/AHeAg63zvbvCsQC930hSKC9Kc1qSev1JkWK8Yk0HDHJ4o62HSjPwWGXEUZG1WhQKQh4ypreGA=="
    },
    "ansi-styles": {
      "version": "3.2.0",
      "resolved": "https://registry.npmjs.org/ansi-styles/-/ansi-styles-3.2.0.tgz",
      "integrity": "sha512-NnSOmMEYtVR2JVMIGTzynRkkaxtiq1xnFBcdQD/DnNCYPoEPsVJhM98BDyaoNOQIi7p4okdi3E27eN7GQbsUug==",
      "requires": {
        "color-convert": "1.9.1"
      }
    },
    "astring": {
      "version": "1.2.0",
      "resolved": "https://registry.npmjs.org/astring/-/astring-1.2.0.tgz",
      "integrity": "sha512-k56RHONVedeLvo2bOh640l6Hn5MtnDFLPsRFq4L5O6ts7mJNBGssYA32ju8LXBIqXk9zY12iKY6m2dnW0qGH/g=="
    },
    "balanced-match": {
      "version": "1.0.0",
      "resolved": "https://registry.npmjs.org/balanced-match/-/balanced-match-1.0.0.tgz",
      "integrity": "sha1-ibTRmasr7kneFk6gK4nORi1xt2c="
    },
    "bignumber.js": {
      "version": "6.0.0",
      "resolved": "https://registry.npmjs.org/bignumber.js/-/bignumber.js-6.0.0.tgz",
      "integrity": "sha512-x247jIuy60/+FtMRvscqfxtVHQf8AGx2hm9c6btkgC0x/hp9yt+teISNhvF8WlwRkCc5yF2fDECH8SIMe8j+GA=="
    },
    "brace": {
      "version": "0.10.0",
      "resolved": "https://registry.npmjs.org/brace/-/brace-0.10.0.tgz",
      "integrity": "sha1-7e9OubCSi6HuX3F//BV3SabdXXY=",
      "requires": {
        "w3c-blob": "0.0.1"
      }
    },
    "brace-expansion": {
      "version": "1.1.10",
      "resolved": "https://registry.npmjs.org/brace-expansion/-/brace-expansion-1.1.10.tgz",
      "integrity": "sha512-u0KjSZq9NOEh36yRmKT/pIYOu0rpGAyUTeUmJgNd1K2tpAaUomh092TZ0fqbBGQc4hz85BVngAiB2mqekvQvIw==",
      "requires": {
        "balanced-match": "1.0.0",
        "concat-map": "0.0.1"
      }
    },
    "chalk": {
      "version": "2.3.0",
      "resolved": "https://registry.npmjs.org/chalk/-/chalk-2.3.0.tgz",
      "integrity": "sha512-Az5zJR2CBujap2rqXGaJKaPHyJ0IrUimvYNX+ncCy8PJP4ltOGTrHUIo097ZaL2zMeKYpiCdqDvS6zdrTFok3Q==",
      "requires": {
        "ansi-styles": "3.2.0",
        "escape-string-regexp": "1.0.5",
        "supports-color": "4.5.0"
      }
    },
    "cli-cursor": {
      "version": "2.1.0",
      "resolved": "https://registry.npmjs.org/cli-cursor/-/cli-cursor-2.1.0.tgz",
      "integrity": "sha1-s12sN2R5+sw+lHR9QdDQ9SOP/LU=",
      "requires": {
        "restore-cursor": "2.0.0"
      }
    },
    "cli-spinner": {
      "version": "0.2.7",
      "resolved": "https://registry.npmjs.org/cli-spinner/-/cli-spinner-0.2.7.tgz",
      "integrity": "sha1-f3hopvUu1aYh1Rac7UKLYYR6l8c="
    },
    "cli-spinners": {
      "version": "1.1.0",
      "resolved": "https://registry.npmjs.org/cli-spinners/-/cli-spinners-1.1.0.tgz",
      "integrity": "sha1-8YR7FohE2RemceudFH499JfJDQY="
    },
    "color-convert": {
      "version": "1.9.1",
      "resolved": "https://registry.npmjs.org/color-convert/-/color-convert-1.9.1.tgz",
      "integrity": "sha512-mjGanIiwQJskCC18rPR6OmrZ6fm2Lc7PeGFYwCmy5J34wC6F1PzdGL6xeMfmgicfYcNLGuVFA3WzXtIDCQSZxQ==",
      "requires": {
        "color-name": "1.1.3"
      }
    },
    "color-name": {
      "version": "1.1.3",
      "resolved": "https://registry.npmjs.org/color-name/-/color-name-1.1.3.tgz",
      "integrity": "sha1-p9BVi9icQveV3UIyj3QIMcpTvCU="
    },
    "colors": {
      "version": "1.1.2",
      "resolved": "https://registry.npmjs.org/colors/-/colors-1.1.2.tgz",
      "integrity": "sha1-FopHAXVran9RoSzgyXv6KMCE7WM="
    },
    "commander": {
      "version": "2.14.1",
      "resolved": "https://registry.npmjs.org/commander/-/commander-2.14.1.tgz",
      "integrity": "sha512-+YR16o3rK53SmWHU3rEM3tPAh2rwb1yPcQX5irVn7mb0gXbwuCCrnkbV5+PBfETdfg1vui07nM6PCG1zndcjQw=="
    },
    "concat-map": {
      "version": "0.0.1",
      "resolved": "https://registry.npmjs.org/concat-map/-/concat-map-0.0.1.tgz",
      "integrity": "sha1-2Klr13/Wjfd5OnMDajug1UBdR3s="
    },
    "escape-string-regexp": {
      "version": "1.0.5",
      "resolved": "https://registry.npmjs.org/escape-string-regexp/-/escape-string-regexp-1.0.5.tgz",
      "integrity": "sha1-G2HAViGQqN/2rjuyzwIAyhMLhtQ="
    },
    "esprima": {
      "version": "3.1.3",
      "resolved": "https://registry.npmjs.org/esprima/-/esprima-3.1.3.tgz",
      "integrity": "sha1-/cpRzuYTOJXjyI1TXOSdv/YqRjM="
    },
    "estraverse": {
      "version": "4.2.0",
      "resolved": "https://registry.npmjs.org/estraverse/-/estraverse-4.2.0.tgz",
      "integrity": "sha1-De4/7TH81GlhjOc0IJn8GvoL2xM="
    },
    "fs": {
      "version": "0.0.1-security",
      "resolved": "https://registry.npmjs.org/fs/-/fs-0.0.1-security.tgz",
      "integrity": "sha1-invTcYa23d84E/I4WLV+yq9eQdQ="
    },
    "fs.realpath": {
      "version": "1.0.0",
      "resolved": "https://registry.npmjs.org/fs.realpath/-/fs.realpath-1.0.0.tgz",
      "integrity": "sha1-FQStJSMVjKpA20onh8sBQRmU6k8="
    },
    "glob": {
      "version": "7.1.2",
      "resolved": "https://registry.npmjs.org/glob/-/glob-7.1.2.tgz",
      "integrity": "sha512-MJTUg1kjuLeQCJ+ccE4Vpa6kKVXkPYJ2mOCQyUuKLcLQsdrMCpBPUi8qVE6+YuaJkozeA9NusTAw3hLr8Xe5EQ==",
      "requires": {
        "fs.realpath": "1.0.0",
        "inflight": "1.0.6",
        "inherits": "2.0.3",
        "minimatch": "3.0.4",
        "once": "1.4.0",
        "path-is-absolute": "1.0.1"
      }
    },
    "has-flag": {
      "version": "2.0.0",
      "resolved": "https://registry.npmjs.org/has-flag/-/has-flag-2.0.0.tgz",
      "integrity": "sha1-6CB68cx7MNRGzHC3NLXovhj4jVE="
    },
    "inflight": {
      "version": "1.0.6",
      "resolved": "https://registry.npmjs.org/inflight/-/inflight-1.0.6.tgz",
      "integrity": "sha1-Sb1jMdfQLQwJvJEKEHW6gWW1bfk=",
      "requires": {
        "once": "1.4.0",
        "wrappy": "1.0.2"
      }
    },
    "inherits": {
      "version": "2.0.3",
      "resolved": "https://registry.npmjs.org/inherits/-/inherits-2.0.3.tgz",
      "integrity": "sha1-Yzwsg+PaQqUC9SRmAiSA9CCCYd4="
    },
    "interpret": {
      "version": "1.1.0",
      "resolved": "https://registry.npmjs.org/interpret/-/interpret-1.1.0.tgz",
      "integrity": "sha1-ftGxQQxqDg94z5XTuEQMY/eLhhQ="
    },
    "lodash": {
      "version": "4.17.5",
      "resolved": "https://registry.npmjs.org/lodash/-/lodash-4.17.5.tgz",
      "integrity": "sha512-svL3uiZf1RwhH+cWrfZn3A4+U58wbP0tGVTLQPbjplZxZ8ROD9VLuNgsRniTlLe7OlSqR79RUehXgpBW/s0IQw=="
    },
    "log-symbols": {
      "version": "2.2.0",
      "resolved": "https://registry.npmjs.org/log-symbols/-/log-symbols-2.2.0.tgz",
      "integrity": "sha512-VeIAFslyIerEJLXHziedo2basKbMKtTw3vfn5IzG0XTjhAVEJyNHnL2p7vc+wBDSdQuUpNw3M2u6xb9QsAY5Eg==",
      "requires": {
        "chalk": "2.3.0"
      }
    },
    "mimic-fn": {
      "version": "1.2.0",
      "resolved": "https://registry.npmjs.org/mimic-fn/-/mimic-fn-1.2.0.tgz",
      "integrity": "sha512-jf84uxzwiuiIVKiOLpfYk7N46TSy8ubTonmneY9vrpHNAnp0QBt2BxWV9dO3/j+BoVAb+a5G6YDPW3M5HOdMWQ=="
    },
    "minimatch": {
      "version": "3.0.4",
      "resolved": "https://registry.npmjs.org/minimatch/-/minimatch-3.0.4.tgz",
      "integrity": "sha512-yJHVQEhyqPLUTgt9B83PXu6W3rx4MvvHvSUvToogpwoGDOUQ+yDrR0HRot+yOCdCO7u4hX3pWft6kWBBcqh0UA==",
      "requires": {
        "brace-expansion": "1.1.10"
      }
    },
    "most": {
      "version": "1.7.3",
      "resolved": "https://registry.npmjs.org/most/-/most-1.7.3.tgz",
      "integrity": "sha512-mk68SM/ptK8WSo3l03raXcWy02Hl7jbzxVozMuvyYxohn4yteh2THhl3+XABF5cunWE8eXHAsLbv+RCJI5y+jg==",
      "requires": {
        "@most/multicast": "1.3.0",
        "@most/prelude": "1.7.0",
        "symbol-observable": "1.2.0"
      }
    },
    "most-gestures": {
      "version": "0.3.0",
      "resolved": "https://registry.npmjs.org/most-gestures/-/most-gestures-0.3.0.tgz",
      "integrity": "sha1-Y07mZK2vU9dA0BSKa0tNF0QDpHg=",
      "requires": {
        "most": "1.7.3"
      }
    },
    "once": {
      "version": "1.4.0",
      "resolved": "https://registry.npmjs.org/once/-/once-1.4.0.tgz",
      "integrity": "sha1-WDsap3WWHUsROsF9nFC6753Xa9E=",
      "requires": {
        "wrappy": "1.0.2"
      }
    },
    "onetime": {
      "version": "2.0.1",
      "resolved": "https://registry.npmjs.org/onetime/-/onetime-2.0.1.tgz",
      "integrity": "sha1-BnQoIw/WdEOyeUsiu6UotoZ5YtQ=",
      "requires": {
        "mimic-fn": "1.2.0"
      }
    },
    "ora": {
      "version": "1.4.0",
      "resolved": "https://registry.npmjs.org/ora/-/ora-1.4.0.tgz",
      "integrity": "sha512-iMK1DOQxzzh2MBlVsU42G80mnrvUhqsMh74phHtDlrcTZPK0pH6o7l7DRshK+0YsxDyEuaOkziVdvM3T0QTzpw==",
      "requires": {
        "chalk": "2.3.0",
        "cli-cursor": "2.1.0",
        "cli-spinners": "1.1.0",
        "log-symbols": "2.2.0"
      }
    },
    "path-is-absolute": {
      "version": "1.0.1",
      "resolved": "https://registry.npmjs.org/path-is-absolute/-/path-is-absolute-1.0.1.tgz",
      "integrity": "sha1-F0uSaHNVNP+8es5r9TpanhtcX18="
    },
    "path-parse": {
      "version": "1.0.5",
      "resolved": "https://registry.npmjs.org/path-parse/-/path-parse-1.0.5.tgz",
      "integrity": "sha1-PBrfhx6pzWyUMbbqK9dKD/BVxME="
    },
    "rechoir": {
      "version": "0.6.2",
      "resolved": "https://registry.npmjs.org/rechoir/-/rechoir-0.6.2.tgz",
      "integrity": "sha1-hSBLVNuoLVdC4oyWdW70OvUOM4Q=",
      "requires": {
        "resolve": "1.5.0"
      }
    },
    "resolve": {
      "version": "1.5.0",
      "resolved": "https://registry.npmjs.org/resolve/-/resolve-1.5.0.tgz",
      "integrity": "sha512-hgoSGrc3pjzAPHNBg+KnFcK2HwlHTs/YrAGUr6qgTVUZmXv1UEXXl0bZNBKMA9fud6lRYFdPGz0xXxycPzmmiw==",
      "requires": {
        "path-parse": "1.0.5"
      }
    },
    "restore-cursor": {
      "version": "2.0.0",
      "resolved": "https://registry.npmjs.org/restore-cursor/-/restore-cursor-2.0.0.tgz",
      "integrity": "sha1-n37ih/gv0ybU/RYpI9YhKe7g368=",
      "requires": {
        "onetime": "2.0.1",
        "signal-exit": "3.0.2"
      }
    },
    "sax": {
      "version": "1.2.4",
      "resolved": "https://registry.npmjs.org/sax/-/sax-1.2.4.tgz",
      "integrity": "sha512-NqVDv9TpANUjFm0N8uM5GxL36UgKi9/atZw+x7YFnQ8ckwFGKrl4xX4yWtrey3UJm5nP1kUbnYgLopqWNSRhWw=="
    },
    "shelljs": {
      "version": "0.8.1",
      "resolved": "https://registry.npmjs.org/shelljs/-/shelljs-0.8.1.tgz",
      "integrity": "sha512-YA/iYtZpzFe5HyWVGrb02FjPxc4EMCfpoU/Phg9fQoyMC72u9598OUBrsU8IrtwAKG0tO8IYaqbaLIw+k3IRGA==",
      "requires": {
        "glob": "7.1.2",
        "interpret": "1.1.0",
        "rechoir": "0.6.2"
      }
    },
    "signal-exit": {
      "version": "3.0.2",
      "resolved": "https://registry.npmjs.org/signal-exit/-/signal-exit-3.0.2.tgz",
      "integrity": "sha1-tf3AjxKH6hF4Yo5BXiUTK3NkbG0="
    },
    "supports-color": {
      "version": "4.5.0",
      "resolved": "https://registry.npmjs.org/supports-color/-/supports-color-4.5.0.tgz",
      "integrity": "sha1-vnoN5ITexcXN34s9WRJQRJEvY1s=",
      "requires": {
        "has-flag": "2.0.0"
      }
    },
    "sylvester": {
      "version": "github:kaosat-dev/node-sylvester#976a4e5e3231dfe444948ff882f18a51c117d9d7"
    },
    "symbol-observable": {
      "version": "1.2.0",
      "resolved": "https://registry.npmjs.org/symbol-observable/-/symbol-observable-1.2.0.tgz",
      "integrity": "sha512-e900nM8RRtGhlV36KGEU9k65K3mPb1WV70OdjfxlG2EAuM1noi/E/BaW/uMhL7bPEssK8QV57vN3esixjUvcXQ=="
    },
    "w3c-blob": {
      "version": "0.0.1",
      "resolved": "https://registry.npmjs.org/w3c-blob/-/w3c-blob-0.0.1.tgz",
      "integrity": "sha1-sM01KhpQ9RVWNCD/1YYflQ8dhbg="
    },
    "webworkify": {
      "version": "1.5.0",
      "resolved": "https://registry.npmjs.org/webworkify/-/webworkify-1.5.0.tgz",
      "integrity": "sha512-AMcUeyXAhbACL8S2hqqdqOLqvJ8ylmIbNwUIqQujRSouf4+eUFaXbG6F1Rbu+srlJMmxQWsiU7mOJi0nMBfM1g=="
    },
    "wrappy": {
      "version": "1.0.2",
      "resolved": "https://registry.npmjs.org/wrappy/-/wrappy-1.0.2.tgz",
      "integrity": "sha1-tSQ9jz7BqjXxNkYFvA0QNuMKtp8="
    },
    "xmldom": {
      "version": "0.1.27",
      "resolved": "https://registry.npmjs.org/xmldom/-/xmldom-0.1.27.tgz",
      "integrity": "sha1-1QH5ezvbQDr4757MIFcxh6rawOk="
    }
  }
}
